{
  "name": "@beckybot/monorepo",
  "lockfileVersion": 2,
  "requires": true,
  "packages": {
    "": {
      "name": "@beckybot/monorepo",
      "workspaces": [
        "./lib"
      ],
      "engines": {
        "npm": ">=7.0.0"
      }
    },
    "lib": {
      "name": "@beckybot/lib"
    },
    "node_modules/@beckybot/lib": {
      "resolved": "lib",
      "link": true
    }
  },
  "dependencies": {
    "@beckybot/lib": {
      "version": "file:lib"
    }
  }
}
